
Microsoft Visual Studio Solution File, Format Version 12.00
# Visual Studio Version 17
VisualStudioVersion = 17.6.33829.357
MinimumVisualStudioVersion = 10.0.40219.1
Project("{FAE04EC0-301F-11D3-BF4B-00C04F79EFBC}") = "Demo.PL", "Demo.PL\Demo.PL.csproj", "{3F00B099-33E6-4232-9A4A-491B62BB0FA0}"
EndProject
Project("{FAE04EC0-301F-11D3-BF4B-00C04F79EFBC}") = "Demo.DAL", "Demo.DAL\Demo.DAL.csproj", "{0152345E-781A-4E8B-BEF0-370A906DC2AA}"
EndProject
Project("{FAE04EC0-301F-11D3-BF4B-00C04F79EFBC}") = "Demo.BLL", "Demo.BLL\Demo.BLL.csproj", "{9A93815C-C4E8-4C8A-9EBB-D359F4A51482}"
EndProject
Global
	GlobalSection(SolutionConfigurationPlatforms) = preSolution
		Debug|Any CPU = Debug|Any CPU
		Release|Any CPU = Release|Any CPU
	EndGlobalSection
	GlobalSection(ProjectConfigurationPlatforms) = postSolution
		{3F00B099-33E6-4232-9A4A-491B62BB0FA0}.Debug|Any CPU.ActiveCfg = Debug|Any CPU
		{3F00B099-33E6-4232-9A4A-491B62BB0FA0}.Debug|Any CPU.Build.0 = Debug|Any CPU
		{3F00B099-33E6-4232-9A4A-491B62BB0FA0}.Release|Any CPU.ActiveCfg = Release|Any CPU
		{3F00B099-33E6-4232-9A4A-491B62BB0FA0}.Release|Any CPU.Build.0 = Release|Any CPU
		{0152345E-781A-4E8B-BEF0-370A906DC2AA}.Debug|Any CPU.ActiveCfg = Debug|Any CPU
		{0152345E-781A-4E8B-BEF0-370A906DC2AA}.Debug|Any CPU.Build.0 = Debug|Any CPU
		{0152345E-781A-4E8B-BEF0-370A906DC2AA}.Release|Any CPU.ActiveCfg = Release|Any CPU
		{0152345E-781A-4E8B-BEF0-370A906DC2AA}.Release|Any CPU.Build.0 = Release|Any CPU
		{9A93815C-C4E8-4C8A-9EBB-D359F4A51482}.Debug|Any CPU.ActiveCfg = Debug|Any CPU
		{9A93815C-C4E8-4C8A-9EBB-D359F4A51482}.Debug|Any CPU.Build.0 = Debug|Any CPU
		{9A93815C-C4E8-4C8A-9EBB-D359F4A51482}.Release|Any CPU.ActiveCfg = Release|Any CPU
		{9A93815C-C4E8-4C8A-9EBB-D359F4A51482}.Release|Any CPU.Build.0 = Release|Any CPU
	EndGlobalSection
	GlobalSection(SolutionProperties) = preSolution
		HideSolutionNode = FALSE
	EndGlobalSection
	GlobalSection(ExtensibilityGlobals) = postSolution
		SolutionGuid = {BB0153D3-E751-4260-86F0-ECB87375205D}
	EndGlobalSection
EndGlobal
